
Microsoft Visual Studio Solution File, Format Version 12.00
# Visual Studio Version 17
VisualStudioVersion = 17.9.34701.34
MinimumVisualStudioVersion = 10.0.40219.1
Project("{FAE04EC0-301F-11D3-BF4B-00C04F79EFBC}") = "JP Surplus", "JP Surplus\JP Surplus.csproj", "{CA0AF42A-EF7D-4361-933D-06181D1EE159}"
EndProject
Global
	GlobalSection(SolutionConfigurationPlatforms) = preSolution
		Debug|Any CPU = Debug|Any CPU
		Release|Any CPU = Release|Any CPU
	EndGlobalSection
	GlobalSection(ProjectConfigurationPlatforms) = postSolution
		{CA0AF42A-EF7D-4361-933D-06181D1EE159}.Debug|Any CPU.ActiveCfg = Debug|Any CPU
		{CA0AF42A-EF7D-4361-933D-06181D1EE159}.Debug|Any CPU.Build.0 = Debug|Any CPU
		{CA0AF42A-EF7D-4361-933D-06181D1EE159}.Release|Any CPU.ActiveCfg = Release|Any CPU
		{CA0AF42A-EF7D-4361-933D-06181D1EE159}.Release|Any CPU.Build.0 = Release|Any CPU
	EndGlobalSection
	GlobalSection(SolutionProperties) = preSolution
		HideSolutionNode = FALSE
	EndGlobalSection
	GlobalSection(ExtensibilityGlobals) = postSolution
		SolutionGuid = {B8529AFF-CBE6-4F6E-8614-65D49CC6ABB3}
	EndGlobalSection
EndGlobal
